
Microsoft Visual Studio Solution File, Format Version 12.00
# Visual Studio Version 16
VisualStudioVersion = 16.0.29926.136
MinimumVisualStudioVersion = 10.0.40219.1
Project("{FAE04EC0-301F-11D3-BF4B-00C04F79EFBC}") = "CalcProject", "CalcProject\CalcProject.csproj", "{BD430AE2-9AAD-46AD-9687-C1A1850A8768}"
EndProject
Global
	GlobalSection(SolutionConfigurationPlatforms) = preSolution
		Debug|Any CPU = Debug|Any CPU
		Release|Any CPU = Release|Any CPU
	EndGlobalSection
	GlobalSection(ProjectConfigurationPlatforms) = postSolution
		{BD430AE2-9AAD-46AD-9687-C1A1850A8768}.Debug|Any CPU.ActiveCfg = Debug|Any CPU
		{BD430AE2-9AAD-46AD-9687-C1A1850A8768}.Debug|Any CPU.Build.0 = Debug|Any CPU
		{BD430AE2-9AAD-46AD-9687-C1A1850A8768}.Release|Any CPU.ActiveCfg = Release|Any CPU
		{BD430AE2-9AAD-46AD-9687-C1A1850A8768}.Release|Any CPU.Build.0 = Release|Any CPU
	EndGlobalSection
	GlobalSection(SolutionProperties) = preSolution
		HideSolutionNode = FALSE
	EndGlobalSection
	GlobalSection(ExtensibilityGlobals) = postSolution
		SolutionGuid = {2BA7C31F-CA2A-4B7F-B297-C24B0FB1E4D4}
	EndGlobalSection
EndGlobal
